// !$*UTF8*$!
{
	archiveVersion = 1;
	classes = {
	};
	objectVersion = 44;
	objects = {

/* Begin PBXBuildFile section */
		8D11072A0486CEB800E47090 /* MainMenu.nib in Resources */ = {isa = PBXBuildFile; fileRef = 29B97318FDCFA39411CA2CEA /* MainMenu.nib */; };
		8D11072B0486CEB800E47090 /* InfoPlist.strings in Resources */ = {isa = PBXBuildFile; fileRef = 089C165CFE840E0CC02AAC07 /* InfoPlist.strings */; };
		8D11072D0486CEB800E47090 /* main.m in Sources */ = {isa = PBXBuildFile; fileRef = 29B97316FDCFA39411CA2CEA /* main.m */; settings = {ATTRIBUTES = (); }; };
		8D11072F0486CEB800E47090 /* Cocoa.framework in Frameworks */ = {isa = PBXBuildFile; fileRef = 1058C7A1FEA54F0111CA2CBB /* Cocoa.framework */; };
		F814D9A10D7214070046AF84 /* Locked.tif in Resources */ = {isa = PBXBuildFile; fileRef = F814D99F0D7214070046AF84 /* Locked.tif */; };
		F814D9A20D7214070046AF84 /* Unlocked.tif in Resources */ = {isa = PBXBuildFile; fileRef = F814D9A00D7214070046AF84 /* Unlocked.tif */; };
		F814D9A50D72144C0046AF84 /* Key.tif in Resources */ = {isa = PBXBuildFile; fileRef = F814D9A40D72144C0046AF84 /* Key.tif */; };
		F814D9E10D721DA50046AF84 /* Stop.tif in Resources */ = {isa = PBXBuildFile; fileRef = F814D9E00D721DA50046AF84 /* Stop.tif */; };
		F817062C0D789015006A80B8 /* donate.html in Resources */ = {isa = PBXBuildFile; fileRef = F817062A0D789015006A80B8 /* donate.html */; };
		F817062F0D789052006A80B8 /* paypal.gif in Resources */ = {isa = PBXBuildFile; fileRef = F817062E0D789052006A80B8 /* paypal.gif */; };
		F81CE2F80D78784C0092E057 /* Localizable.strings in Resources */ = {isa = PBXBuildFile; fileRef = F81CE2F60D78784C0092E057 /* Localizable.strings */; };
		F83FA81E0D627A9B005A1AF6 /* iPhone.icns in Resources */ = {isa = PBXBuildFile; fileRef = F83FA81D0D627A9B005A1AF6 /* iPhone.icns */; };
		F8A04FED0D6233CC00F92F28 /* ZiPhoneWindowController.m in Sources */ = {isa = PBXBuildFile; fileRef = F8A04FEC0D6233CC00F92F28 /* ZiPhoneWindowController.m */; };
		F8AED6A60D74C3D700B14059 /* Start.tif in Resources */ = {isa = PBXBuildFile; fileRef = F8AED6A50D74C3D700B14059 /* Start.tif */; };
/* End PBXBuildFile section */

/* Begin PBXFileReference section */
		089C165DFE840E0CC02AAC07 /* English */ = {isa = PBXFileReference; fileEncoding = 10; lastKnownFileType = text.plist.strings; name = English; path = English.lproj/InfoPlist.strings; sourceTree = "<group>"; };
		1058C7A1FEA54F0111CA2CBB /* Cocoa.framework */ = {isa = PBXFileReference; lastKnownFileType = wrapper.framework; name = Cocoa.framework; path = /System/Library/Frameworks/Cocoa.framework; sourceTree = "<absolute>"; };
		13E42FB307B3F0F600E4EEF1 /* CoreData.framework */ = {isa = PBXFileReference; lastKnownFileType = wrapper.framework; name = CoreData.framework; path = /System/Library/Frameworks/CoreData.framework; sourceTree = "<absolute>"; };
		29B97316FDCFA39411CA2CEA /* main.m */ = {isa = PBXFileReference; fileEncoding = 4; lastKnownFileType = sourcecode.c.objc; path = main.m; sourceTree = "<group>"; };
		29B97319FDCFA39411CA2CEA /* English */ = {isa = PBXFileReference; lastKnownFileType = wrapper.nib; name = English; path = English.lproj/MainMenu.nib; sourceTree = "<group>"; };
		29B97324FDCFA39411CA2CEA /* AppKit.framework */ = {isa = PBXFileReference; lastKnownFileType = wrapper.framework; name = AppKit.framework; path = /System/Library/Frameworks/AppKit.framework; sourceTree = "<absolute>"; };
		29B97325FDCFA39411CA2CEA /* Foundation.framework */ = {isa = PBXFileReference; lastKnownFileType = wrapper.framework; name = Foundation.framework; path = /System/Library/Frameworks/Foundation.framework; sourceTree = "<absolute>"; };
		32CA4F630368D1EE00C91783 /* ZiPhoneOSX_Prefix.pch */ = {isa = PBXFileReference; fileEncoding = 4; lastKnownFileType = sourcecode.c.h; path = ZiPhoneOSX_Prefix.pch; sourceTree = "<group>"; };
		8D1107310486CEB800E47090 /* Info.plist */ = {isa = PBXFileReference; fileEncoding = 4; lastKnownFileType = text.plist.xml; path = Info.plist; sourceTree = "<group>"; };
		8D1107320486CEB800E47090 /* ZiPhoneOSX.app */ = {isa = PBXFileReference; explicitFileType = wrapper.application; includeInIndex = 0; path = ZiPhoneOSX.app; sourceTree = BUILT_PRODUCTS_DIR; };
		F814D99F0D7214070046AF84 /* Locked.tif */ = {isa = PBXFileReference; lastKnownFileType = image.tiff; path = Locked.tif; sourceTree = "<group>"; };
		F814D9A00D7214070046AF84 /* Unlocked.tif */ = {isa = PBXFileReference; lastKnownFileType = image.tiff; path = Unlocked.tif; sourceTree = "<group>"; };
		F814D9A40D72144C0046AF84 /* Key.tif */ = {isa = PBXFileReference; lastKnownFileType = image.tiff; path = Key.tif; sourceTree = "<group>"; };
		F814D9E00D721DA50046AF84 /* Stop.tif */ = {isa = PBXFileReference; lastKnownFileType = image.tiff; path = Stop.tif; sourceTree = "<group>"; };
		F817062B0D789015006A80B8 /* English */ = {isa = PBXFileReference; fileEncoding = 4; lastKnownFileType = text.html; name = English; path = English.lproj/donate.html; sourceTree = "<group>"; };
		F817062E0D789052006A80B8 /* paypal.gif */ = {isa = PBXFileReference; lastKnownFileType = image.gif; path = paypal.gif; sourceTree = "<group>"; };
		F81CE2F70D78784C0092E057 /* English */ = {isa = PBXFileReference; fileEncoding = 10; lastKnownFileType = text.plist.strings; name = English; path = English.lproj/Localizable.strings; sourceTree = "<group>"; };
		F81CE3110D7884490092E057 /* Italian */ = {isa = PBXFileReference; lastKnownFileType = wrapper.nib; name = Italian; path = Italian.lproj/MainMenu.nib; sourceTree = "<group>"; };
		F83FA81D0D627A9B005A1AF6 /* iPhone.icns */ = {isa = PBXFileReference; lastKnownFileType = image.icns; path = iPhone.icns; sourceTree = "<group>"; };
		F84A4BFC0D81FD0A0027F38B /* French */ = {isa = PBXFileReference; lastKnownFileType = wrapper.nib; name = French; path = French.lproj/MainMenu.nib; sourceTree = "<group>"; };
		F84A4BFD0D81FD320027F38B /* French */ = {isa = PBXFileReference; lastKnownFileType = text.plist.strings; name = French; path = French.lproj/InfoPlist.strings; sourceTree = "<group>"; };
		F84A4BFE0D81FD390027F38B /* French */ = {isa = PBXFileReference; lastKnownFileType = text.plist.strings; name = French; path = French.lproj/Localizable.strings; sourceTree = "<group>"; };
		F84A4BFF0D81FD400027F38B /* French */ = {isa = PBXFileReference; lastKnownFileType = text.html; name = French; path = French.lproj/donate.html; sourceTree = "<group>"; };
		F84A4C170D81FDF90027F38B /* Spanish */ = {isa = PBXFileReference; lastKnownFileType = wrapper.nib; name = Spanish; path = Spanish.lproj/MainMenu.nib; sourceTree = "<group>"; };
		F8A04FEB0D6233CC00F92F28 /* ZiPhoneWindowController.h */ = {isa = PBXFileReference; fileEncoding = 4; lastKnownFileType = sourcecode.c.h; path = ZiPhoneWindowController.h; sourceTree = "<group>"; };
		F8A04FEC0D6233CC00F92F28 /* ZiPhoneWindowController.m */ = {isa = PBXFileReference; fileEncoding = 4; lastKnownFileType = sourcecode.c.objc; path = ZiPhoneWindowController.m; sourceTree = "<group>"; };
		F8AED6A50D74C3D700B14059 /* Start.tif */ = {isa = PBXFileReference; lastKnownFileType = image.tiff; path = Start.tif; sourceTree = "<group>"; };
		F8B9433B0D79BF7300D8A5C2 /* Spanish */ = {isa = PBXFileReference; explicitFileType = text.plist.strings; fileEncoding = 10; name = Spanish; path = Spanish.lproj/Localizable.strings; sourceTree = "<group>"; };
/* End PBXFileReference section */

/* Begin PBXFrameworksBuildPhase section */
		8D11072E0486CEB800E47090 /* Frameworks */ = {
			isa = PBXFrameworksBuildPhase;
			buildActionMask = 2147483647;
			files = (
				8D11072F0486CEB800E47090 /* Cocoa.framework in Frameworks */,
			);
			runOnlyForDeploymentPostprocessing = 0;
		};
/* End PBXFrameworksBuildPhase section */

/* Begin PBXGroup section */
		080E96DDFE201D6D7F000001 /* Classes */ = {
			isa = PBXGroup;
			children = (
				F8A04FEB0D6233CC00F92F28 /* ZiPhoneWindowController.h */,
				F8A04FEC0D6233CC00F92F28 /* ZiPhoneWindowController.m */,
			);
			name = Classes;
			sourceTree = "<group>";
		};
		1058C7A0FEA54F0111CA2CBB /* Linked Frameworks */ = {
			isa = PBXGroup;
			children = (
				1058C7A1FEA54F0111CA2CBB /* Cocoa.framework */,
			);
			name = "Linked Frameworks";
			sourceTree = "<group>";
		};
		1058C7A2FEA54F0111CA2CBB /* Other Frameworks */ = {
			isa = PBXGroup;
			children = (
				29B97324FDCFA39411CA2CEA /* AppKit.framework */,
				13E42FB307B3F0F600E4EEF1 /* CoreData.framework */,
				29B97325FDCFA39411CA2CEA /* Foundation.framework */,
			);
			name = "Other Frameworks";
			sourceTree = "<group>";
		};
		19C28FACFE9D520D11CA2CBB /* Products */ = {
			isa = PBXGroup;
			children = (
				8D1107320486CEB800E47090 /* ZiPhoneOSX.app */,
			);
			name = Products;
			sourceTree = "<group>";
		};
		29B97314FDCFA39411CA2CEA /* ZiPhoneOSX */ = {
			isa = PBXGroup;
			children = (
				080E96DDFE201D6D7F000001 /* Classes */,
				29B97315FDCFA39411CA2CEA /* Other Sources */,
				29B97317FDCFA39411CA2CEA /* Resources */,
				29B97323FDCFA39411CA2CEA /* Frameworks */,
				19C28FACFE9D520D11CA2CBB /* Products */,
			);
			name = ZiPhoneOSX;
			sourceTree = "<group>";
		};
		29B97315FDCFA39411CA2CEA /* Other Sources */ = {
			isa = PBXGroup;
			children = (
				32CA4F630368D1EE00C91783 /* ZiPhoneOSX_Prefix.pch */,
				29B97316FDCFA39411CA2CEA /* main.m */,
			);
			name = "Other Sources";
			sourceTree = "<group>";
		};
		29B97317FDCFA39411CA2CEA /* Resources */ = {
			isa = PBXGroup;
			children = (
				F817062E0D789052006A80B8 /* paypal.gif */,
				F8AED6A50D74C3D700B14059 /* Start.tif */,
				F814D9E00D721DA50046AF84 /* Stop.tif */,
				F814D9A40D72144C0046AF84 /* Key.tif */,
				F814D99F0D7214070046AF84 /* Locked.tif */,
				F814D9A00D7214070046AF84 /* Unlocked.tif */,
				F83FA81D0D627A9B005A1AF6 /* iPhone.icns */,
				8D1107310486CEB800E47090 /* Info.plist */,
				F817062A0D789015006A80B8 /* donate.html */,
				F81CE2F60D78784C0092E057 /* Localizable.strings */,
				089C165CFE840E0CC02AAC07 /* InfoPlist.strings */,
				29B97318FDCFA39411CA2CEA /* MainMenu.nib */,
			);
			name = Resources;
			sourceTree = "<group>";
		};
		29B97323FDCFA39411CA2CEA /* Frameworks */ = {
			isa = PBXGroup;
			children = (
				1058C7A0FEA54F0111CA2CBB /* Linked Frameworks */,
				1058C7A2FEA54F0111CA2CBB /* Other Frameworks */,
			);
			name = Frameworks;
			sourceTree = "<group>";
		};
/* End PBXGroup section */

/* Begin PBXNativeTarget section */
		8D1107260486CEB800E47090 /* ZiPhoneOSX */ = {
			isa = PBXNativeTarget;
			buildConfigurationList = C01FCF4A08A954540054247B /* Build configuration list for PBXNativeTarget "ZiPhoneOSX" */;
			buildPhases = (
				F8C167710D798D20009F0938 /* ShellScript */,
				F88A08400D64C87E007DF3E2 /* ShellScript */,
				8D1107290486CEB800E47090 /* Resources */,
				8D11072C0486CEB800E47090 /* Sources */,
				8D11072E0486CEB800E47090 /* Frameworks */,
				F88A08740D64CE05007DF3E2 /* ShellScript */,
			);
			buildRules = (
			);
			dependencies = (
			);
			name = ZiPhoneOSX;
			productInstallPath = "$(HOME)/Applications";
			productName = ZiPhoneOSX;
			productReference = 8D1107320486CEB800E47090 /* ZiPhoneOSX.app */;
			productType = "com.apple.product-type.application";
		};
/* End PBXNativeTarget section */

/* Begin PBXProject section */
		29B97313FDCFA39411CA2CEA /* Project object */ = {
			isa = PBXProject;
			buildConfigurationList = C01FCF4E08A954540054247B /* Build configuration list for PBXProject "ZiPhoneOSX" */;
			compatibilityVersion = "Xcode 3.0";
			hasScannedForEncodings = 1;
			knownRegions = (
				English,
				Japanese,
				French,
				German,
				Italian,
				Spanish,
			);
			mainGroup = 29B97314FDCFA39411CA2CEA /* ZiPhoneOSX */;
			projectDirPath = "";
			projectRoot = "";
			targets = (
				8D1107260486CEB800E47090 /* ZiPhoneOSX */,
			);
		};
/* End PBXProject section */

/* Begin PBXResourcesBuildPhase section */
		8D1107290486CEB800E47090 /* Resources */ = {
			isa = PBXResourcesBuildPhase;
			buildActionMask = 2147483647;
			files = (
				8D11072A0486CEB800E47090 /* MainMenu.nib in Resources */,
				8D11072B0486CEB800E47090 /* InfoPlist.strings in Resources */,
				F83FA81E0D627A9B005A1AF6 /* iPhone.icns in Resources */,
				F814D9A10D7214070046AF84 /* Locked.tif in Resources */,
				F814D9A20D7214070046AF84 /* Unlocked.tif in Resources */,
				F814D9A50D72144C0046AF84 /* Key.tif in Resources */,
				F814D9E10D721DA50046AF84 /* Stop.tif in Resources */,
				F8AED6A60D74C3D700B14059 /* Start.tif in Resources */,
				F81CE2F80D78784C0092E057 /* Localizable.strings in Resources */,
				F817062C0D789015006A80B8 /* donate.html in Resources */,
				F817062F0D789052006A80B8 /* paypal.gif in Resources */,
			);
			runOnlyForDeploymentPostprocessing = 0;
		};
/* End PBXResourcesBuildPhase section */

/* Begin PBXShellScriptBuildPhase section */
		F88A08400D64C87E007DF3E2 /* ShellScript */ = {
			isa = PBXShellScriptBuildPhase;
			buildActionMask = 2147483647;
			files = (
			);
			inputPaths = (
				"$(SRCROOT)/../ziphone.cpp",
				"$(SRCROOT)/../zibri.dat",
			);
			outputPaths = (
				"$(SRCROOT)/ConsoleResources/ziphone",
				"$(SRCROOT)/ConsoleResources/zibri.dat",
			);
			runOnlyForDeploymentPostprocessing = 0;
			shellPath = /bin/bash;
			shellScript = "#!/bin/bash\n\nDEST=`pwd`/ConsoleResources\n\necho \"Will copy files into $DEST\"\n\ncd ../ZiPhone\n\necho \nmkdir -p \"$DEST\"\n\n";
		};
		F88A08740D64CE05007DF3E2 /* ShellScript */ = {
			isa = PBXShellScriptBuildPhase;
			buildActionMask = 2147483647;
			files = (
			);
			inputPaths = (
			);
			outputPaths = (
			);
			runOnlyForDeploymentPostprocessing = 0;
			shellPath = /bin/bash;
			shellScript = "#!/bin/bash\n\nif [ \"$BUILD_STYLE\" == \"Release\" ] ; then\n\tVERSION=`./getversion.sh`\n\n\ttar -cjvf ZiPhoneOSX-${VERSION}.tbz -C build/Release ZiPhoneOSX.app\nelse\n\techo \"warning: Skipping packaging for non-Release build.\" >&2\nfi\n";
		};
		F8C167710D798D20009F0938 /* ShellScript */ = {
			isa = PBXShellScriptBuildPhase;
			buildActionMask = 2147483647;
			files = (
			);
			inputPaths = (
				"$(SRCROOT)/English.lproj/MainMenu.nib",
			);
			outputPaths = (
				"$(SRCROOT)/Italian.lproj/MainMenu.nib",
			);
			runOnlyForDeploymentPostprocessing = 0;
			shellPath = /bin/sh;
			shellScript = "./i18n.sh apply";
		};
/* End PBXShellScriptBuildPhase section */

/* Begin PBXSourcesBuildPhase section */
		8D11072C0486CEB800E47090 /* Sources */ = {
			isa = PBXSourcesBuildPhase;
			buildActionMask = 2147483647;
			files = (
				8D11072D0486CEB800E47090 /* main.m in Sources */,
				F8A04FED0D6233CC00F92F28 /* ZiPhoneWindowController.m in Sources */,
			);
			runOnlyForDeploymentPostprocessing = 0;
		};
/* End PBXSourcesBuildPhase section */

/* Begin PBXVariantGroup section */
		089C165CFE840E0CC02AAC07 /* InfoPlist.strings */ = {
			isa = PBXVariantGroup;
			children = (
				089C165DFE840E0CC02AAC07 /* English */,
				F84A4BFD0D81FD320027F38B /* French */,
			);
			name = InfoPlist.strings;
			sourceTree = "<group>";
		};
		29B97318FDCFA39411CA2CEA /* MainMenu.nib */ = {
			isa = PBXVariantGroup;
			children = (
				29B97319FDCFA39411CA2CEA /* English */,
				F81CE3110D7884490092E057 /* Italian */,
				F84A4BFC0D81FD0A0027F38B /* French */,
				F84A4C170D81FDF90027F38B /* Spanish */,
			);
			name = MainMenu.nib;
			sourceTree = "<group>";
		};
		F817062A0D789015006A80B8 /* donate.html */ = {
			isa = PBXVariantGroup;
			children = (
				F817062B0D789015006A80B8 /* English */,
				F84A4BFF0D81FD400027F38B /* French */,
			);
			name = donate.html;
			sourceTree = "<group>";
		};
		F81CE2F60D78784C0092E057 /* Localizable.strings */ = {
			isa = PBXVariantGroup;
			children = (
				F81CE2F70D78784C0092E057 /* English */,
				F8B9433B0D79BF7300D8A5C2 /* Spanish */,
				F84A4BFE0D81FD390027F38B /* French */,
			);
			name = Localizable.strings;
			sourceTree = "<group>";
		};
/* End PBXVariantGroup section */

/* Begin XCBuildConfiguration section */
		C01FCF4B08A954540054247B /* Debug */ = {
			isa = XCBuildConfiguration;
			buildSettings = {
				COPY_PHASE_STRIP = NO;
				GCC_DYNAMIC_NO_PIC = NO;
				GCC_ENABLE_FIX_AND_CONTINUE = YES;
				GCC_MODEL_TUNING = G5;
				GCC_OPTIMIZATION_LEVEL = 0;
				GCC_PRECOMPILE_PREFIX_HEADER = YES;
				GCC_PREFIX_HEADER = ZiPhoneOSX_Prefix.pch;
				INFOPLIST_FILE = Info.plist;
				INSTALL_PATH = "$(HOME)/Applications";
				LIBRARY_SEARCH_PATHS = (
					"$(inherited)",
					"\"$(SRCROOT)\"",
					"\"$(SRCROOT)/ConsoleResources\"",
				);
				PRODUCT_NAME = ZiPhoneOSX;
				WRAPPER_EXTENSION = app;
				ZERO_LINK = YES;
			};
			name = Debug;
		};
		C01FCF4C08A954540054247B /* Release */ = {
			isa = XCBuildConfiguration;
			buildSettings = {
				DEBUG_INFORMATION_FORMAT = "dwarf-with-dsym";
				GCC_MODEL_TUNING = G5;
				GCC_PRECOMPILE_PREFIX_HEADER = YES;
				GCC_PREFIX_HEADER = ZiPhoneOSX_Prefix.pch;
				INFOPLIST_FILE = Info.plist;
				INSTALL_PATH = "$(HOME)/Applications";
				LIBRARY_SEARCH_PATHS = (
					"$(inherited)",
					"\"$(SRCROOT)\"",
					"\"$(SRCROOT)/ConsoleResources\"",
				);
				PRODUCT_NAME = ZiPhoneOSX;
				WRAPPER_EXTENSION = app;
			};
			name = Release;
		};
		C01FCF4F08A954540054247B /* Debug */ = {
			isa = XCBuildConfiguration;
			buildSettings = {
				GCC_WARN_ABOUT_RETURN_TYPE = YES;
				GCC_WARN_UNUSED_VARIABLE = YES;
				PREBINDING = NO;
				SDKROOT = "$(DEVELOPER_SDK_DIR)/MacOSX10.4u.sdk";
			};
			name = Debug;
		};
		C01FCF5008A954540054247B /* Release */ = {
			isa = XCBuildConfiguration;
			buildSettings = {
				ARCHS = (
					ppc,
					i386,
				);
				GCC_WARN_ABOUT_RETURN_TYPE = YES;
				GCC_WARN_UNUSED_VARIABLE = YES;
				PREBINDING = NO;
				SDKROOT = "$(DEVELOPER_SDK_DIR)/MacOSX10.4u.sdk";
			};
			name = Release;
		};
/* End XCBuildConfiguration section */

/* Begin XCConfigurationList section */
		C01FCF4A08A954540054247B /* Build configuration list for PBXNativeTarget "ZiPhoneOSX" */ = {
			isa = XCConfigurationList;
			buildConfigurations = (
				C01FCF4B08A954540054247B /* Debug */,
				C01FCF4C08A954540054247B /* Release */,
			);
			defaultConfigurationIsVisible = 0;
			defaultConfigurationName = Release;
		};
		C01FCF4E08A954540054247B /* Build configuration list for PBXProject "ZiPhoneOSX" */ = {
			isa = XCConfigurationList;
			buildConfigurations = (
				C01FCF4F08A954540054247B /* Debug */,
				C01FCF5008A954540054247B /* Release */,
			);
			defaultConfigurationIsVisible = 0;
			defaultConfigurationName = Release;
		};
/* End XCConfigurationList section */
	};
	rootObject = 29B97313FDCFA39411CA2CEA /* Project object */;
}
